{
  "name": "attempting-challenges",
  "version": "0.0.0",
  "lockfileVersion": 1,
  "requires": true,
  "dependencies": {
    "angular-ui-tree": {
      "version": "2.22.6",
      "resolved": "https://registry.npmjs.org/angular-ui-tree/-/angular-ui-tree-2.22.6.tgz",
      "integrity": "sha512-VzuXM6NdYeQD0Y1RF5oTYc3o8yoW9mtxhnJs5Fvwu40V1Alzq7ybJj+kvApXZ69M0mvRd8LLM+3Q4pI26md+fA=="
    }
  }
}
